// !$*UTF8*$!
{
	archiveVersion = 1;
	classes = {
	};
	objectVersion = 55;
	objects = {

/* Begin PBXBuildFile section */
		5207E93D2A27A331005A83D9 /* tips.json in Resources */ = {isa = PBXBuildFile; fileRef = 5207E93B2A27A330005A83D9 /* tips.json */; };
		5207E93E2A27A331005A83D9 /* locations.json in Resources */ = {isa = PBXBuildFile; fileRef = 5207E93C2A27A330005A83D9 /* locations.json */; };
		5207E9422A27A465005A83D9 /* Location.swift in Sources */ = {isa = PBXBuildFile; fileRef = 5207E9412A27A465005A83D9 /* Location.swift */; };
		5207E9442A27A585005A83D9 /* Locations.swift in Sources */ = {isa = PBXBuildFile; fileRef = 5207E9432A27A585005A83D9 /* Locations.swift */; };
		5207E9462A27A653005A83D9 /* WorldView.swift in Sources */ = {isa = PBXBuildFile; fileRef = 5207E9452A27A653005A83D9 /* WorldView.swift */; };
		5207E9482A27A850005A83D9 /* Tip.swift in Sources */ = {isa = PBXBuildFile; fileRef = 5207E9472A27A850005A83D9 /* Tip.swift */; };
		5207E94C2A27A88F005A83D9 /* TipsView.swift in Sources */ = {isa = PBXBuildFile; fileRef = 5207E94B2A27A88F005A83D9 /* TipsView.swift */; };
		520C4A652A2773D200A16E68 /* TripGuideApp.swift in Sources */ = {isa = PBXBuildFile; fileRef = 520C4A642A2773D200A16E68 /* TripGuideApp.swift */; };
		520C4A672A2773D200A16E68 /* ContentView.swift in Sources */ = {isa = PBXBuildFile; fileRef = 520C4A662A2773D200A16E68 /* ContentView.swift */; };
		520C4A692A2773D300A16E68 /* Assets.xcassets in Resources */ = {isa = PBXBuildFile; fileRef = 520C4A682A2773D300A16E68 /* Assets.xcassets */; };
		520C4A6C2A2773D300A16E68 /* Preview Assets.xcassets in Resources */ = {isa = PBXBuildFile; fileRef = 520C4A6B2A2773D300A16E68 /* Preview Assets.xcassets */; };
		520C4A772A277B9100A16E68 /* Location.swift in Sources */ = {isa = PBXBuildFile; fileRef = 520C4A762A277B9100A16E68 /* Location.swift */; };
		520C4A792A277E2A00A16E68 /* Locations.swift in Sources */ = {isa = PBXBuildFile; fileRef = 520C4A782A277E2A00A16E68 /* Locations.swift */; };
		520C4A7B2A27847A00A16E68 /* WorldView.swift in Sources */ = {isa = PBXBuildFile; fileRef = 520C4A7A2A27847A00A16E68 /* WorldView.swift */; };
		527A95A62A278A5900637DC5 /* Tip.swift in Sources */ = {isa = PBXBuildFile; fileRef = 527A95A52A278A5900637DC5 /* Tip.swift */; };
		527A95A82A278AFD00637DC5 /* TipsView.swift in Sources */ = {isa = PBXBuildFile; fileRef = 527A95A72A278AFD00637DC5 /* TipsView.swift */; };
/* End PBXBuildFile section */

/* Begin PBXFileReference section */
		5207E93B2A27A330005A83D9 /* tips.json */ = {isa = PBXFileReference; fileEncoding = 4; lastKnownFileType = text.json; name = tips.json; path = Assets/tips.json; sourceTree = SOURCE_ROOT; };
		5207E93C2A27A330005A83D9 /* locations.json */ = {isa = PBXFileReference; fileEncoding = 4; lastKnownFileType = text.json; name = locations.json; path = Assets/locations.json; sourceTree = SOURCE_ROOT; };
		5207E9412A27A465005A83D9 /* Location.swift */ = {isa = PBXFileReference; lastKnownFileType = sourcecode.swift; path = Location.swift; sourceTree = "<group>"; };
		5207E9432A27A585005A83D9 /* Locations.swift */ = {isa = PBXFileReference; lastKnownFileType = sourcecode.swift; path = Locations.swift; sourceTree = "<group>"; };
		5207E9452A27A653005A83D9 /* WorldView.swift */ = {isa = PBXFileReference; lastKnownFileType = sourcecode.swift; path = WorldView.swift; sourceTree = "<group>"; };
		5207E9472A27A850005A83D9 /* Tip.swift */ = {isa = PBXFileReference; lastKnownFileType = sourcecode.swift; path = Tip.swift; sourceTree = "<group>"; };
		5207E94B2A27A88F005A83D9 /* TipsView.swift */ = {isa = PBXFileReference; lastKnownFileType = sourcecode.swift; path = TipsView.swift; sourceTree = "<group>"; };
		520C4A612A2773D200A16E68 /* TripGuide.app */ = {isa = PBXFileReference; explicitFileType = wrapper.application; includeInIndex = 0; path = TripGuide.app; sourceTree = BUILT_PRODUCTS_DIR; };
		520C4A642A2773D200A16E68 /* TripGuideApp.swift */ = {isa = PBXFileReference; lastKnownFileType = sourcecode.swift; path = TripGuideApp.swift; sourceTree = "<group>"; };
		520C4A662A2773D200A16E68 /* ContentView.swift */ = {isa = PBXFileReference; lastKnownFileType = sourcecode.swift; path = ContentView.swift; sourceTree = "<group>"; };
		520C4A682A2773D300A16E68 /* Assets.xcassets */ = {isa = PBXFileReference; lastKnownFileType = folder.assetcatalog; path = Assets.xcassets; sourceTree = "<group>"; };
		520C4A6B2A2773D300A16E68 /* Preview Assets.xcassets */ = {isa = PBXFileReference; lastKnownFileType = folder.assetcatalog; path = "Preview Assets.xcassets"; sourceTree = "<group>"; };
		520C4A762A277B9100A16E68 /* Location.swift */ = {isa = PBXFileReference; lastKnownFileType = sourcecode.swift; path = Location.swift; sourceTree = "<group>"; };
		520C4A782A277E2A00A16E68 /* Locations.swift */ = {isa = PBXFileReference; lastKnownFileType = sourcecode.swift; path = Locations.swift; sourceTree = "<group>"; };
		520C4A7A2A27847A00A16E68 /* WorldView.swift */ = {isa = PBXFileReference; lastKnownFileType = sourcecode.swift; path = WorldView.swift; sourceTree = "<group>"; };
		527A95A52A278A5900637DC5 /* Tip.swift */ = {isa = PBXFileReference; lastKnownFileType = sourcecode.swift; path = Tip.swift; sourceTree = "<group>"; };
		527A95A72A278AFD00637DC5 /* TipsView.swift */ = {isa = PBXFileReference; lastKnownFileType = sourcecode.swift; path = TipsView.swift; sourceTree = "<group>"; };
/* End PBXFileReference section */

/* Begin PBXFrameworksBuildPhase section */
		520C4A5E2A2773D200A16E68 /* Frameworks */ = {
			isa = PBXFrameworksBuildPhase;
			buildActionMask = 2147483647;
			files = (
			);
			runOnlyForDeploymentPostprocessing = 0;
		};
/* End PBXFrameworksBuildPhase section */

/* Begin PBXGroup section */
		520C4A582A2773D100A16E68 = {
			isa = PBXGroup;
			children = (
				520C4A632A2773D200A16E68 /* TripGuide */,
				520C4A622A2773D200A16E68 /* Products */,
			);
			sourceTree = "<group>";
		};
		520C4A622A2773D200A16E68 /* Products */ = {
			isa = PBXGroup;
			children = (
				520C4A612A2773D200A16E68 /* TripGuide.app */,
			);
			name = Products;
			sourceTree = "<group>";
		};
		520C4A632A2773D200A16E68 /* TripGuide */ = {
			isa = PBXGroup;
			children = (
				520C4A642A2773D200A16E68 /* TripGuideApp.swift */,
				520C4A7A2A27847A00A16E68 /* WorldView.swift */,
				520C4A662A2773D200A16E68 /* ContentView.swift */,
				520C4A782A277E2A00A16E68 /* Locations.swift */,
				520C4A762A277B9100A16E68 /* Location.swift */,
				5207E9432A27A585005A83D9 /* Locations.swift */,
				5207E9452A27A653005A83D9 /* WorldView.swift */,
				5207E9472A27A850005A83D9 /* Tip.swift */,
				5207E94B2A27A88F005A83D9 /* TipsView.swift */,
				5207E9412A27A465005A83D9 /* Location.swift */,
				527A95A52A278A5900637DC5 /* Tip.swift */,
				527A95A72A278AFD00637DC5 /* TipsView.swift */,
				520C4A682A2773D300A16E68 /* Assets.xcassets */,
				5207E93C2A27A330005A83D9 /* locations.json */,
				5207E93B2A27A330005A83D9 /* tips.json */,
				520C4A6A2A2773D300A16E68 /* Preview Content */,
			);
			path = TripGuide;
			sourceTree = "<group>";
		};
		520C4A6A2A2773D300A16E68 /* Preview Content */ = {
			isa = PBXGroup;
			children = (
				520C4A6B2A2773D300A16E68 /* Preview Assets.xcassets */,
			);
			path = "Preview Content";
			sourceTree = "<group>";
		};
/* End PBXGroup section */

/* Begin PBXNativeTarget section */
		520C4A602A2773D200A16E68 /* TripGuide */ = {
			isa = PBXNativeTarget;
			buildConfigurationList = 520C4A6F2A2773D300A16E68 /* Build configuration list for PBXNativeTarget "TripGuide" */;
			buildPhases = (
				520C4A5D2A2773D200A16E68 /* Sources */,
				520C4A5E2A2773D200A16E68 /* Frameworks */,
				520C4A5F2A2773D200A16E68 /* Resources */,
			);
			buildRules = (
			);
			dependencies = (
			);
			name = TripGuide;
			productName = TripGuide;
			productReference = 520C4A612A2773D200A16E68 /* TripGuide.app */;
			productType = "com.apple.product-type.application";
		};
/* End PBXNativeTarget section */

/* Begin PBXProject section */
		520C4A592A2773D200A16E68 /* Project object */ = {
			isa = PBXProject;
			attributes = {
				BuildIndependentTargetsInParallel = 1;
				LastSwiftUpdateCheck = 1340;
				LastUpgradeCheck = 1340;
				TargetAttributes = {
					520C4A602A2773D200A16E68 = {
						CreatedOnToolsVersion = 13.4.1;
					};
				};
			};
			buildConfigurationList = 520C4A5C2A2773D200A16E68 /* Build configuration list for PBXProject "TripGuide" */;
			compatibilityVersion = "Xcode 13.0";
			developmentRegion = en;
			hasScannedForEncodings = 0;
			knownRegions = (
				en,
				Base,
			);
			mainGroup = 520C4A582A2773D100A16E68;
			productRefGroup = 520C4A622A2773D200A16E68 /* Products */;
			projectDirPath = "";
			projectRoot = "";
			targets = (
				520C4A602A2773D200A16E68 /* TripGuide */,
			);
		};
/* End PBXProject section */

/* Begin PBXResourcesBuildPhase section */
		520C4A5F2A2773D200A16E68 /* Resources */ = {
			isa = PBXResourcesBuildPhase;
			buildActionMask = 2147483647;
			files = (
				520C4A6C2A2773D300A16E68 /* Preview Assets.xcassets in Resources */,
				5207E93D2A27A331005A83D9 /* tips.json in Resources */,
				5207E93E2A27A331005A83D9 /* locations.json in Resources */,
				520C4A692A2773D300A16E68 /* Assets.xcassets in Resources */,
			);
			runOnlyForDeploymentPostprocessing = 0;
		};
/* End PBXResourcesBuildPhase section */

/* Begin PBXSourcesBuildPhase section */
		520C4A5D2A2773D200A16E68 /* Sources */ = {
			isa = PBXSourcesBuildPhase;
			buildActionMask = 2147483647;
			files = (
				5207E94C2A27A88F005A83D9 /* TipsView.swift in Sources */,
				5207E9442A27A585005A83D9 /* Locations.swift in Sources */,
				5207E9482A27A850005A83D9 /* Tip.swift in Sources */,
				520C4A672A2773D200A16E68 /* ContentView.swift in Sources */,
				520C4A772A277B9100A16E68 /* Location.swift in Sources */,
				5207E9422A27A465005A83D9 /* Location.swift in Sources */,
				520C4A7B2A27847A00A16E68 /* WorldView.swift in Sources */,
				527A95A62A278A5900637DC5 /* Tip.swift in Sources */,
				527A95A82A278AFD00637DC5 /* TipsView.swift in Sources */,
				5207E9462A27A653005A83D9 /* WorldView.swift in Sources */,
				520C4A792A277E2A00A16E68 /* Locations.swift in Sources */,
				520C4A652A2773D200A16E68 /* TripGuideApp.swift in Sources */,
			);
			runOnlyForDeploymentPostprocessing = 0;
		};
/* End PBXSourcesBuildPhase section */

/* Begin XCBuildConfiguration section */
		520C4A6D2A2773D300A16E68 /* Debug */ = {
			isa = XCBuildConfiguration;
			buildSettings = {
				ALWAYS_SEARCH_USER_PATHS = NO;
				CLANG_ANALYZER_NONNULL = YES;
				CLANG_ANALYZER_NUMBER_OBJECT_CONVERSION = YES_AGGRESSIVE;
				CLANG_CXX_LANGUAGE_STANDARD = "gnu++17";
				CLANG_ENABLE_MODULES = YES;
				CLANG_ENABLE_OBJC_ARC = YES;
				CLANG_ENABLE_OBJC_WEAK = YES;
				CLANG_WARN_BLOCK_CAPTURE_AUTORELEASING = YES;
				CLANG_WARN_BOOL_CONVERSION = YES;
				CLANG_WARN_COMMA = YES;
				CLANG_WARN_CONSTANT_CONVERSION = YES;
				CLANG_WARN_DEPRECATED_OBJC_IMPLEMENTATIONS = YES;
				CLANG_WARN_DIRECT_OBJC_ISA_USAGE = YES_ERROR;
				CLANG_WARN_DOCUMENTATION_COMMENTS = YES;
				CLANG_WARN_EMPTY_BODY = YES;
				CLANG_WARN_ENUM_CONVERSION = YES;
				CLANG_WARN_INFINITE_RECURSION = YES;
				CLANG_WARN_INT_CONVERSION = YES;
				CLANG_WARN_NON_LITERAL_NULL_CONVERSION = YES;
				CLANG_WARN_OBJC_IMPLICIT_RETAIN_SELF = YES;
				CLANG_WARN_OBJC_LITERAL_CONVERSION = YES;
				CLANG_WARN_OBJC_ROOT_CLASS = YES_ERROR;
				CLANG_WARN_QUOTED_INCLUDE_IN_FRAMEWORK_HEADER = YES;
				CLANG_WARN_RANGE_LOOP_ANALYSIS = YES;
				CLANG_WARN_STRICT_PROTOTYPES = YES;
				CLANG_WARN_SUSPICIOUS_MOVE = YES;
				CLANG_WARN_UNGUARDED_AVAILABILITY = YES_AGGRESSIVE;
				CLANG_WARN_UNREACHABLE_CODE = YES;
				CLANG_WARN__DUPLICATE_METHOD_MATCH = YES;
				COPY_PHASE_STRIP = NO;
				DEBUG_INFORMATION_FORMAT = dwarf;
				ENABLE_STRICT_OBJC_MSGSEND = YES;
				ENABLE_TESTABILITY = YES;
				GCC_C_LANGUAGE_STANDARD = gnu11;
				GCC_DYNAMIC_NO_PIC = NO;
				GCC_NO_COMMON_BLOCKS = YES;
				GCC_OPTIMIZATION_LEVEL = 0;
				GCC_PREPROCESSOR_DEFINITIONS = (
					"DEBUG=1",
					"$(inherited)",
				);
				GCC_WARN_64_TO_32_BIT_CONVERSION = YES;
				GCC_WARN_ABOUT_RETURN_TYPE = YES_ERROR;
				GCC_WARN_UNDECLARED_SELECTOR = YES;
				GCC_WARN_UNINITIALIZED_AUTOS = YES_AGGRESSIVE;
				GCC_WARN_UNUSED_FUNCTION = YES;
				GCC_WARN_UNUSED_VARIABLE = YES;
				IPHONEOS_DEPLOYMENT_TARGET = 15.5;
				MTL_ENABLE_DEBUG_INFO = INCLUDE_SOURCE;
				MTL_FAST_MATH = YES;
				ONLY_ACTIVE_ARCH = YES;
				SDKROOT = iphoneos;
				SWIFT_ACTIVE_COMPILATION_CONDITIONS = DEBUG;
				SWIFT_OPTIMIZATION_LEVEL = "-Onone";
			};
			name = Debug;
		};
		520C4A6E2A2773D300A16E68 /* Release */ = {
			isa = XCBuildConfiguration;
			buildSettings = {
				ALWAYS_SEARCH_USER_PATHS = NO;
				CLANG_ANALYZER_NONNULL = YES;
				CLANG_ANALYZER_NUMBER_OBJECT_CONVERSION = YES_AGGRESSIVE;
				CLANG_CXX_LANGUAGE_STANDARD = "gnu++17";
				CLANG_ENABLE_MODULES = YES;
				CLANG_ENABLE_OBJC_ARC = YES;
				CLANG_ENABLE_OBJC_WEAK = YES;
				CLANG_WARN_BLOCK_CAPTURE_AUTORELEASING = YES;
				CLANG_WARN_BOOL_CONVERSION = YES;
				CLANG_WARN_COMMA = YES;
				CLANG_WARN_CONSTANT_CONVERSION = YES;
				CLANG_WARN_DEPRECATED_OBJC_IMPLEMENTATIONS = YES;
				CLANG_WARN_DIRECT_OBJC_ISA_USAGE = YES_ERROR;
				CLANG_WARN_DOCUMENTATION_COMMENTS = YES;
				CLANG_WARN_EMPTY_BODY = YES;
				CLANG_WARN_ENUM_CONVERSION = YES;
				CLANG_WARN_INFINITE_RECURSION = YES;
				CLANG_WARN_INT_CONVERSION = YES;
				CLANG_WARN_NON_LITERAL_NULL_CONVERSION = YES;
				CLANG_WARN_OBJC_IMPLICIT_RETAIN_SELF = YES;
				CLANG_WARN_OBJC_LITERAL_CONVERSION = YES;
				CLANG_WARN_OBJC_ROOT_CLASS = YES_ERROR;
				CLANG_WARN_QUOTED_INCLUDE_IN_FRAMEWORK_HEADER = YES;
				CLANG_WARN_RANGE_LOOP_ANALYSIS = YES;
				CLANG_WARN_STRICT_PROTOTYPES = YES;
				CLANG_WARN_SUSPICIOUS_MOVE = YES;
				CLANG_WARN_UNGUARDED_AVAILABILITY = YES_AGGRESSIVE;
				CLANG_WARN_UNREACHABLE_CODE = YES;
				CLANG_WARN__DUPLICATE_METHOD_MATCH = YES;
				COPY_PHASE_STRIP = NO;
				DEBUG_INFORMATION_FORMAT = "dwarf-with-dsym";
				ENABLE_NS_ASSERTIONS = NO;
				ENABLE_STRICT_OBJC_MSGSEND = YES;
				GCC_C_LANGUAGE_STANDARD = gnu11;
				GCC_NO_COMMON_BLOCKS = YES;
				GCC_WARN_64_TO_32_BIT_CONVERSION = YES;
				GCC_WARN_ABOUT_RETURN_TYPE = YES_ERROR;
				GCC_WARN_UNDECLARED_SELECTOR = YES;
				GCC_WARN_UNINITIALIZED_AUTOS = YES_AGGRESSIVE;
				GCC_WARN_UNUSED_FUNCTION = YES;
				GCC_WARN_UNUSED_VARIABLE = YES;
				IPHONEOS_DEPLOYMENT_TARGET = 15.5;
				MTL_ENABLE_DEBUG_INFO = NO;
				MTL_FAST_MATH = YES;
				SDKROOT = iphoneos;
				SWIFT_COMPILATION_MODE = wholemodule;
				SWIFT_OPTIMIZATION_LEVEL = "-O";
				VALIDATE_PRODUCT = YES;
			};
			name = Release;
		};
		520C4A702A2773D300A16E68 /* Debug */ = {
			isa = XCBuildConfiguration;
			buildSettings = {
				ASSETCATALOG_COMPILER_APPICON_NAME = AppIcon;
				ASSETCATALOG_COMPILER_GLOBAL_ACCENT_COLOR_NAME = AccentColor;
				CODE_SIGN_STYLE = Automatic;
				CURRENT_PROJECT_VERSION = 1;
				DEVELOPMENT_ASSET_PATHS = "\"TripGuide/Preview Content\"";
				ENABLE_PREVIEWS = YES;
				GENERATE_INFOPLIST_FILE = YES;
				INFOPLIST_KEY_UIApplicationSceneManifest_Generation = YES;
				INFOPLIST_KEY_UIApplicationSupportsIndirectInputEvents = YES;
				INFOPLIST_KEY_UILaunchScreen_Generation = YES;
				INFOPLIST_KEY_UISupportedInterfaceOrientations_iPad = "UIInterfaceOrientationPortrait UIInterfaceOrientationPortraitUpsideDown UIInterfaceOrientationLandscapeLeft UIInterfaceOrientationLandscapeRight";
				INFOPLIST_KEY_UISupportedInterfaceOrientations_iPhone = "UIInterfaceOrientationPortrait UIInterfaceOrientationLandscapeLeft UIInterfaceOrientationLandscapeRight";
				LD_RUNPATH_SEARCH_PATHS = (
					"$(inherited)",
					"@executable_path/Frameworks",
				);
				MARKETING_VERSION = 1.0;
				PRODUCT_BUNDLE_IDENTIFIER = com.info.TripGuide;
				PRODUCT_NAME = "$(TARGET_NAME)";
				SWIFT_EMIT_LOC_STRINGS = YES;
				SWIFT_VERSION = 5.0;
				TARGETED_DEVICE_FAMILY = "1,2";
			};
			name = Debug;
		};
		520C4A712A2773D300A16E68 /* Release */ = {
			isa = XCBuildConfiguration;
			buildSettings = {
				ASSETCATALOG_COMPILER_APPICON_NAME = AppIcon;
				ASSETCATALOG_COMPILER_GLOBAL_ACCENT_COLOR_NAME = AccentColor;
				CODE_SIGN_STYLE = Automatic;
				CURRENT_PROJECT_VERSION = 1;
				DEVELOPMENT_ASSET_PATHS = "\"TripGuide/Preview Content\"";
				ENABLE_PREVIEWS = YES;
				GENERATE_INFOPLIST_FILE = YES;
				INFOPLIST_KEY_UIApplicationSceneManifest_Generation = YES;
				INFOPLIST_KEY_UIApplicationSupportsIndirectInputEvents = YES;
				INFOPLIST_KEY_UILaunchScreen_Generation = YES;
				INFOPLIST_KEY_UISupportedInterfaceOrientations_iPad = "UIInterfaceOrientationPortrait UIInterfaceOrientationPortraitUpsideDown UIInterfaceOrientationLandscapeLeft UIInterfaceOrientationLandscapeRight";
				INFOPLIST_KEY_UISupportedInterfaceOrientations_iPhone = "UIInterfaceOrientationPortrait UIInterfaceOrientationLandscapeLeft UIInterfaceOrientationLandscapeRight";
				LD_RUNPATH_SEARCH_PATHS = (
					"$(inherited)",
					"@executable_path/Frameworks",
				);
				MARKETING_VERSION = 1.0;
				PRODUCT_BUNDLE_IDENTIFIER = com.info.TripGuide;
				PRODUCT_NAME = "$(TARGET_NAME)";
				SWIFT_EMIT_LOC_STRINGS = YES;
				SWIFT_VERSION = 5.0;
				TARGETED_DEVICE_FAMILY = "1,2";
			};
			name = Release;
		};
/* End XCBuildConfiguration section */

/* Begin XCConfigurationList section */
		520C4A5C2A2773D200A16E68 /* Build configuration list for PBXProject "TripGuide" */ = {
			isa = XCConfigurationList;
			buildConfigurations = (
				520C4A6D2A2773D300A16E68 /* Debug */,
				520C4A6E2A2773D300A16E68 /* Release */,
			);
			defaultConfigurationIsVisible = 0;
			defaultConfigurationName = Release;
		};
		520C4A6F2A2773D300A16E68 /* Build configuration list for PBXNativeTarget "TripGuide" */ = {
			isa = XCConfigurationList;
			buildConfigurations = (
				520C4A702A2773D300A16E68 /* Debug */,
				520C4A712A2773D300A16E68 /* Release */,
			);
			defaultConfigurationIsVisible = 0;
			defaultConfigurationName = Release;
		};
/* End XCConfigurationList section */
	};
	rootObject = 520C4A592A2773D200A16E68 /* Project object */;
}
